
Microsoft Visual Studio Solution File, Format Version 12.00
# Visual Studio Version 16
VisualStudioVersion = 16.0.30225.117
MinimumVisualStudioVersion = 15.0.26124.0
Project("{9A19103F-16F7-4668-BE54-9A1E7A4F7556}") = "OutbackProducts", "OutbackProducts\OutbackProducts.csproj", "{2B7CB5A4-0FB2-440C-86E0-C11D230C4768}"
EndProject
Project("{9A19103F-16F7-4668-BE54-9A1E7A4F7556}") = "OutbackProducts.Tests", "OutbackProducts.Tests\OutbackProducts.Tests.csproj", "{892BF28D-FC55-4C2B-9C51-5E438275A6B7}"
EndProject
Global
	GlobalSection(SolutionConfigurationPlatforms) = preSolution
		Debug|Any CPU = Debug|Any CPU
		Debug|x64 = Debug|x64
		Debug|x86 = Debug|x86
		Release|Any CPU = Release|Any CPU
		Release|x64 = Release|x64
		Release|x86 = Release|x86
	EndGlobalSection
	GlobalSection(ProjectConfigurationPlatforms) = postSolution
		{2B7CB5A4-0FB2-440C-86E0-C11D230C4768}.Debug|Any CPU.ActiveCfg = Debug|Any CPU
		{2B7CB5A4-0FB2-440C-86E0-C11D230C4768}.Debug|Any CPU.Build.0 = Debug|Any CPU
		{2B7CB5A4-0FB2-440C-86E0-C11D230C4768}.Debug|x64.ActiveCfg = Debug|Any CPU
		{2B7CB5A4-0FB2-440C-86E0-C11D230C4768}.Debug|x64.Build.0 = Debug|Any CPU
		{2B7CB5A4-0FB2-440C-86E0-C11D230C4768}.Debug|x86.ActiveCfg = Debug|Any CPU
		{2B7CB5A4-0FB2-440C-86E0-C11D230C4768}.Debug|x86.Build.0 = Debug|Any CPU
		{2B7CB5A4-0FB2-440C-86E0-C11D230C4768}.Release|Any CPU.ActiveCfg = Release|Any CPU
		{2B7CB5A4-0FB2-440C-86E0-C11D230C4768}.Release|Any CPU.Build.0 = Release|Any CPU
		{2B7CB5A4-0FB2-440C-86E0-C11D230C4768}.Release|x64.ActiveCfg = Release|Any CPU
		{2B7CB5A4-0FB2-440C-86E0-C11D230C4768}.Release|x64.Build.0 = Release|Any CPU
		{2B7CB5A4-0FB2-440C-86E0-C11D230C4768}.Release|x86.ActiveCfg = Release|Any CPU
		{2B7CB5A4-0FB2-440C-86E0-C11D230C4768}.Release|x86.Build.0 = Release|Any CPU
		{892BF28D-FC55-4C2B-9C51-5E438275A6B7}.Debug|Any CPU.ActiveCfg = Debug|Any CPU
		{892BF28D-FC55-4C2B-9C51-5E438275A6B7}.Debug|Any CPU.Build.0 = Debug|Any CPU
		{892BF28D-FC55-4C2B-9C51-5E438275A6B7}.Debug|x64.ActiveCfg = Debug|Any CPU
		{892BF28D-FC55-4C2B-9C51-5E438275A6B7}.Debug|x64.Build.0 = Debug|Any CPU
		{892BF28D-FC55-4C2B-9C51-5E438275A6B7}.Debug|x86.ActiveCfg = Debug|Any CPU
		{892BF28D-FC55-4C2B-9C51-5E438275A6B7}.Debug|x86.Build.0 = Debug|Any CPU
		{892BF28D-FC55-4C2B-9C51-5E438275A6B7}.Release|Any CPU.ActiveCfg = Release|Any CPU
		{892BF28D-FC55-4C2B-9C51-5E438275A6B7}.Release|Any CPU.Build.0 = Release|Any CPU
		{892BF28D-FC55-4C2B-9C51-5E438275A6B7}.Release|x64.ActiveCfg = Release|Any CPU
		{892BF28D-FC55-4C2B-9C51-5E438275A6B7}.Release|x64.Build.0 = Release|Any CPU
		{892BF28D-FC55-4C2B-9C51-5E438275A6B7}.Release|x86.ActiveCfg = Release|Any CPU
		{892BF28D-FC55-4C2B-9C51-5E438275A6B7}.Release|x86.Build.0 = Release|Any CPU
	EndGlobalSection
	GlobalSection(SolutionProperties) = preSolution
		HideSolutionNode = FALSE
	EndGlobalSection
	GlobalSection(ExtensibilityGlobals) = postSolution
		SolutionGuid = {48FBA48E-00F6-42B6-B16E-60D9FA828134}
	EndGlobalSection
EndGlobal
